
Microsoft Visual Studio Solution File, Format Version 12.00
# Visual Studio Version 17
VisualStudioVersion = 17.6.33829.357
MinimumVisualStudioVersion = 10.0.40219.1
Project("{FAE04EC0-301F-11D3-BF4B-00C04F79EFBC}") = "BuketButikSitesi-", "BuketButikSitesi-\BuketButikSitesi-.csproj", "{3D2767F9-D54D-46F6-980E-D789756F0E52}"
EndProject
Global
	GlobalSection(SolutionConfigurationPlatforms) = preSolution
		Debug|Any CPU = Debug|Any CPU
		Release|Any CPU = Release|Any CPU
	EndGlobalSection
	GlobalSection(ProjectConfigurationPlatforms) = postSolution
		{3D2767F9-D54D-46F6-980E-D789756F0E52}.Debug|Any CPU.ActiveCfg = Debug|Any CPU
		{3D2767F9-D54D-46F6-980E-D789756F0E52}.Debug|Any CPU.Build.0 = Debug|Any CPU
		{3D2767F9-D54D-46F6-980E-D789756F0E52}.Release|Any CPU.ActiveCfg = Release|Any CPU
		{3D2767F9-D54D-46F6-980E-D789756F0E52}.Release|Any CPU.Build.0 = Release|Any CPU
	EndGlobalSection
	GlobalSection(SolutionProperties) = preSolution
		HideSolutionNode = FALSE
	EndGlobalSection
	GlobalSection(ExtensibilityGlobals) = postSolution
		SolutionGuid = {9958B9AC-D67D-4EB4-8D43-C33C34843104}
	EndGlobalSection
EndGlobal
